
Microsoft Visual Studio Solution File, Format Version 12.00
# Visual Studio Version 17
VisualStudioVersion = 17.0.32002.185
MinimumVisualStudioVersion = 10.0.40219.1
Project("{9A19103F-16F7-4668-BE54-9A1E7A4F7556}") = "ExpenseRecord", "ToDoListDemo\ExpenseRecord.csproj", "{5AAA3A9F-6B22-4706-BC2B-DD3C184588E9}"
EndProject
Project("{9A19103F-16F7-4668-BE54-9A1E7A4F7556}") = "ToDoListDemo.UnitTest", "ToDoListDemo.UnitTest\ToDoListDemo.UnitTest.csproj", "{5BA32EE6-A929-4EB4-A995-F5D992BCEA8A}"
EndProject
Global
	GlobalSection(SolutionConfigurationPlatforms) = preSolution
		Debug|Any CPU = Debug|Any CPU
		Release|Any CPU = Release|Any CPU
	EndGlobalSection
	GlobalSection(ProjectConfigurationPlatforms) = postSolution
		{5AAA3A9F-6B22-4706-BC2B-DD3C184588E9}.Debug|Any CPU.ActiveCfg = Debug|Any CPU
		{5AAA3A9F-6B22-4706-BC2B-DD3C184588E9}.Debug|Any CPU.Build.0 = Debug|Any CPU
		{5AAA3A9F-6B22-4706-BC2B-DD3C184588E9}.Release|Any CPU.ActiveCfg = Release|Any CPU
		{5AAA3A9F-6B22-4706-BC2B-DD3C184588E9}.Release|Any CPU.Build.0 = Release|Any CPU
		{5BA32EE6-A929-4EB4-A995-F5D992BCEA8A}.Debug|Any CPU.ActiveCfg = Debug|Any CPU
		{5BA32EE6-A929-4EB4-A995-F5D992BCEA8A}.Debug|Any CPU.Build.0 = Debug|Any CPU
		{5BA32EE6-A929-4EB4-A995-F5D992BCEA8A}.Release|Any CPU.ActiveCfg = Release|Any CPU
		{5BA32EE6-A929-4EB4-A995-F5D992BCEA8A}.Release|Any CPU.Build.0 = Release|Any CPU
	EndGlobalSection
	GlobalSection(SolutionProperties) = preSolution
		HideSolutionNode = FALSE
	EndGlobalSection
	GlobalSection(ExtensibilityGlobals) = postSolution
		SolutionGuid = {2BC6A7B1-0449-4BCA-BE81-26CDB1C5EDAD}
	EndGlobalSection
EndGlobal
